
Microsoft Visual Studio Solution File, Format Version 12.00
# Visual Studio Version 17
VisualStudioVersion = 17.8.34330.188
MinimumVisualStudioVersion = 10.0.40219.1
Project("{FAE04EC0-301F-11D3-BF4B-00C04F79EFBC}") = "Junaid.GoogleGemini.Net", "Junaid.GoogleGemini.Net\Junaid.GoogleGemini.Net.csproj", "{5E41DB5C-B7B9-4C53-8D9D-FBCD90D5AC94}"
EndProject
Global
	GlobalSection(SolutionConfigurationPlatforms) = preSolution
		Debug|Any CPU = Debug|Any CPU
		Release|Any CPU = Release|Any CPU
	EndGlobalSection
	GlobalSection(ProjectConfigurationPlatforms) = postSolution
		{5E41DB5C-B7B9-4C53-8D9D-FBCD90D5AC94}.Debug|Any CPU.ActiveCfg = Debug|Any CPU
		{5E41DB5C-B7B9-4C53-8D9D-FBCD90D5AC94}.Debug|Any CPU.Build.0 = Debug|Any CPU
		{5E41DB5C-B7B9-4C53-8D9D-FBCD90D5AC94}.Release|Any CPU.ActiveCfg = Release|Any CPU
		{5E41DB5C-B7B9-4C53-8D9D-FBCD90D5AC94}.Release|Any CPU.Build.0 = Release|Any CPU
	EndGlobalSection
	GlobalSection(SolutionProperties) = preSolution
		HideSolutionNode = FALSE
	EndGlobalSection
	GlobalSection(ExtensibilityGlobals) = postSolution
		SolutionGuid = {6CB5F522-7B50-4320-A3FC-C23F2BDA4550}
	EndGlobalSection
EndGlobal
